
Microsoft Visual Studio Solution File, Format Version 12.00
# Visual Studio Version 17
VisualStudioVersion = 17.4.33122.133
MinimumVisualStudioVersion = 10.0.40219.1
Project("{FAE04EC0-301F-11D3-BF4B-00C04F79EFBC}") = "WindowsFormsApp1", "WindowsFormsApp1\WindowsFormsApp1.csproj", "{2C6D0D96-144E-4346-8060-1111E88C19CE}"
EndProject
Global
	GlobalSection(SolutionConfigurationPlatforms) = preSolution
		Debug|Any CPU = Debug|Any CPU
		Release|Any CPU = Release|Any CPU
	EndGlobalSection
	GlobalSection(ProjectConfigurationPlatforms) = postSolution
		{2C6D0D96-144E-4346-8060-1111E88C19CE}.Debug|Any CPU.ActiveCfg = Debug|Any CPU
		{2C6D0D96-144E-4346-8060-1111E88C19CE}.Debug|Any CPU.Build.0 = Debug|Any CPU
		{2C6D0D96-144E-4346-8060-1111E88C19CE}.Release|Any CPU.ActiveCfg = Release|Any CPU
		{2C6D0D96-144E-4346-8060-1111E88C19CE}.Release|Any CPU.Build.0 = Release|Any CPU
	EndGlobalSection
	GlobalSection(SolutionProperties) = preSolution
		HideSolutionNode = FALSE
	EndGlobalSection
	GlobalSection(ExtensibilityGlobals) = postSolution
		SolutionGuid = {3D66D1EC-0518-473E-9D1B-C92B76F01198}
	EndGlobalSection
EndGlobal
